
Microsoft Visual Studio Solution File, Format Version 12.00
# Visual Studio Version 16
VisualStudioVersion = 16.0.31702.278
MinimumVisualStudioVersion = 10.0.40219.1
Project("{FAE04EC0-301F-11D3-BF4B-00C04F79EFBC}") = "GokceNurSonmez-210601694", "GokceNurSonmez-210601694\GokceNurSonmez-210601694.csproj", "{7A732A65-9860-4B2E-819B-1AF2A6CC486F}"
EndProject
Global
	GlobalSection(SolutionConfigurationPlatforms) = preSolution
		Debug|Any CPU = Debug|Any CPU
		Release|Any CPU = Release|Any CPU
	EndGlobalSection
	GlobalSection(ProjectConfigurationPlatforms) = postSolution
		{7A732A65-9860-4B2E-819B-1AF2A6CC486F}.Debug|Any CPU.ActiveCfg = Debug|Any CPU
		{7A732A65-9860-4B2E-819B-1AF2A6CC486F}.Debug|Any CPU.Build.0 = Debug|Any CPU
		{7A732A65-9860-4B2E-819B-1AF2A6CC486F}.Release|Any CPU.ActiveCfg = Release|Any CPU
		{7A732A65-9860-4B2E-819B-1AF2A6CC486F}.Release|Any CPU.Build.0 = Release|Any CPU
	EndGlobalSection
	GlobalSection(SolutionProperties) = preSolution
		HideSolutionNode = FALSE
	EndGlobalSection
	GlobalSection(ExtensibilityGlobals) = postSolution
		SolutionGuid = {AE43AE21-9B0D-4FC6-925E-77B5E894229C}
	EndGlobalSection
EndGlobal
